Microsoft Visual Studio Solution File, Format Version 11.00
# Visual Studio 2008

Project("{7CBC4008-FD00-1AB7-520D-668D57B67F92}") = "Unity-Community-Ocean-master", "Assembly-CSharp-firstpass.csproj", "{D5E01A71-3DE4-A995-B4DB-A3CEF19967BF}"
EndProject
Project("{7CBC4008-FD00-1AB7-520D-668D57B67F92}") = "Unity-Community-Ocean-master", "Assembly-CSharp.csproj", "{A7EFBE1B-7BB5-EA3F-1024-D58C68DCB6C7}"
EndProject
Project("{7CBC4008-FD00-1AB7-520D-668D57B67F92}") = "Unity-Community-Ocean-master", "Assembly-UnityScript-firstpass.unityproj", "{34556C2E-4F2B-548C-CB49-1A2248C4F712}"
EndProject
Project("{7CBC4008-FD00-1AB7-520D-668D57B67F92}") = "Unity-Community-Ocean-master", "Assembly-UnityScript.unityproj", "{22853BC4-9854-528D-A057-69C2C7C0FD07}"
EndProject
Project("{7CBC4008-FD00-1AB7-520D-668D57B67F92}") = "Unity-Community-Ocean-master", "Assembly-UnityScript-Editor.unityproj", "{B2A30EC0-DBC6-FFDC-F864-3AF8581216F0}"
EndProject
Global
	GlobalSection(SolutionConfigurationPlatforms) = preSolution
		Debug|Any CPU = Debug|Any CPU
		Release|Any CPU = Release|Any CPU
	EndGlobalSection
	GlobalSection(ProjectConfigurationPlatforms) = postSolution
		{D5E01A71-3DE4-A995-B4DB-A3CEF19967BF}.Debug|Any CPU.ActiveCfg = Debug|Any CPU
		{D5E01A71-3DE4-A995-B4DB-A3CEF19967BF}.Debug|Any CPU.Build.0 = Debug|Any CPU
		{D5E01A71-3DE4-A995-B4DB-A3CEF19967BF}.Release|Any CPU.ActiveCfg = Release|Any CPU
		{D5E01A71-3DE4-A995-B4DB-A3CEF19967BF}.Release|Any CPU.Build.0 = Release|Any CPU
		{A7EFBE1B-7BB5-EA3F-1024-D58C68DCB6C7}.Debug|Any CPU.ActiveCfg = Debug|Any CPU
		{A7EFBE1B-7BB5-EA3F-1024-D58C68DCB6C7}.Debug|Any CPU.Build.0 = Debug|Any CPU
		{A7EFBE1B-7BB5-EA3F-1024-D58C68DCB6C7}.Release|Any CPU.ActiveCfg = Release|Any CPU
		{A7EFBE1B-7BB5-EA3F-1024-D58C68DCB6C7}.Release|Any CPU.Build.0 = Release|Any CPU
		{34556C2E-4F2B-548C-CB49-1A2248C4F712}.Debug|Any CPU.ActiveCfg = Debug|Any CPU
		{34556C2E-4F2B-548C-CB49-1A2248C4F712}.Debug|Any CPU.Build.0 = Debug|Any CPU
		{34556C2E-4F2B-548C-CB49-1A2248C4F712}.Release|Any CPU.ActiveCfg = Release|Any CPU
		{34556C2E-4F2B-548C-CB49-1A2248C4F712}.Release|Any CPU.Build.0 = Release|Any CPU
		{22853BC4-9854-528D-A057-69C2C7C0FD07}.Debug|Any CPU.ActiveCfg = Debug|Any CPU
		{22853BC4-9854-528D-A057-69C2C7C0FD07}.Debug|Any CPU.Build.0 = Debug|Any CPU
		{22853BC4-9854-528D-A057-69C2C7C0FD07}.Release|Any CPU.ActiveCfg = Release|Any CPU
		{22853BC4-9854-528D-A057-69C2C7C0FD07}.Release|Any CPU.Build.0 = Release|Any CPU
		{B2A30EC0-DBC6-FFDC-F864-3AF8581216F0}.Debug|Any CPU.ActiveCfg = Debug|Any CPU
		{B2A30EC0-DBC6-FFDC-F864-3AF8581216F0}.Debug|Any CPU.Build.0 = Debug|Any CPU
		{B2A30EC0-DBC6-FFDC-F864-3AF8581216F0}.Release|Any CPU.ActiveCfg = Release|Any CPU
		{B2A30EC0-DBC6-FFDC-F864-3AF8581216F0}.Release|Any CPU.Build.0 = Release|Any CPU
	EndGlobalSection
	GlobalSection(SolutionProperties) = preSolution
		HideSolutionNode = FALSE
	EndGlobalSection
						GlobalSection(MonoDevelopProperties) = preSolution
		StartupItem = Assembly-CSharp.csproj
		Policies = $0
		$0.TextStylePolicy = $1
		$1.inheritsSet = null
		$1.scope = text/x-csharp
		$0.CSharpFormattingPolicy = $2
		$2.inheritsSet = Mono
		$2.inheritsScope = text/x-csharp
		$2.scope = text/x-csharp
		$0.TextStylePolicy = $3
		$3.FileWidth = 120
		$3.TabWidth = 4
		$3.EolMarker = Unix
		$3.inheritsSet = Mono
		$3.inheritsScope = text/plain
		$3.scope = text/plain
	EndGlobalSection

EndGlobal
