Microsoft Visual Studio Solution File, Format Version 11.00
# Visual Studio 2008

Project("{7CBC4008-FD00-1AB7-520D-668D57B67F92}") = "Unity-Community-Ocean-master", "Assembly-CSharp-firstpass-vs.csproj", "{D5E01A71-3DE4-A995-B4DB-A3CEF19967BF}"
EndProject
Project("{7CBC4008-FD00-1AB7-520D-668D57B67F92}") = "Unity-Community-Ocean-master", "Assembly-CSharp-vs.csproj", "{A7EFBE1B-7BB5-EA3F-1024-D58C68DCB6C7}"
EndProject
Global
	GlobalSection(SolutionConfigurationPlatforms) = preSolution
		Debug|Any CPU = Debug|Any CPU
		Release|Any CPU = Release|Any CPU
	EndGlobalSection
	GlobalSection(ProjectConfigurationPlatforms) = postSolution
		{D5E01A71-3DE4-A995-B4DB-A3CEF19967BF}.Debug|Any CPU.ActiveCfg = Debug|Any CPU
		{D5E01A71-3DE4-A995-B4DB-A3CEF19967BF}.Debug|Any CPU.Build.0 = Debug|Any CPU
		{D5E01A71-3DE4-A995-B4DB-A3CEF19967BF}.Release|Any CPU.ActiveCfg = Release|Any CPU
		{D5E01A71-3DE4-A995-B4DB-A3CEF19967BF}.Release|Any CPU.Build.0 = Release|Any CPU
		{A7EFBE1B-7BB5-EA3F-1024-D58C68DCB6C7}.Debug|Any CPU.ActiveCfg = Debug|Any CPU
		{A7EFBE1B-7BB5-EA3F-1024-D58C68DCB6C7}.Debug|Any CPU.Build.0 = Debug|Any CPU
		{A7EFBE1B-7BB5-EA3F-1024-D58C68DCB6C7}.Release|Any CPU.ActiveCfg = Release|Any CPU
		{A7EFBE1B-7BB5-EA3F-1024-D58C68DCB6C7}.Release|Any CPU.Build.0 = Release|Any CPU
	EndGlobalSection
	GlobalSection(SolutionProperties) = preSolution
		HideSolutionNode = FALSE
	EndGlobalSection
							GlobalSection(MonoDevelopProperties) = preSolution
		StartupItem = Assembly-CSharp.csproj
		Policies = $0
		$0.TextStylePolicy = $1
		$1.inheritsSet = null
		$1.scope = text/x-csharp
		$0.CSharpFormattingPolicy = $2
		$2.inheritsSet = Mono
		$2.inheritsScope = text/x-csharp
		$2.scope = text/x-csharp
		$0.TextStylePolicy = $3
		$3.FileWidth = 120
		$3.TabWidth = 4
		$3.EolMarker = Unix
		$3.inheritsSet = Mono
		$3.inheritsScope = text/plain
		$3.scope = text/plain
	EndGlobalSection

EndGlobal
